
Microsoft Visual Studio Solution File, Format Version 12.00
# Visual Studio Version 17
VisualStudioVersion = 17.4.33103.184
MinimumVisualStudioVersion = 10.0.40219.1
Project("{2150E333-8FDC-42A3-9474-1A3956D46DE8}") = "FrontEnd", "FrontEnd", "{C5DDDB07-AF17-4622-BA01-C9223C686D6D}"
EndProject
Project("{FAE04EC0-301F-11D3-BF4B-00C04F79EFBC}") = "Mango.Web", "Mango.Web\Mango.Web.csproj", "{9A5D9FB5-CA6B-4633-8643-11E90C4370A1}"
EndProject
Project("{2150E333-8FDC-42A3-9474-1A3956D46DE8}") = "Services", "Services", "{D5559E8E-3128-4ACC-AD9B-81EB06463044}"
EndProject
Project("{FAE04EC0-301F-11D3-BF4B-00C04F79EFBC}") = "Mango.Service.MangoAPI", "Mango.Service.MangoAPI\Mango.Service.MangoAPI.csproj", "{20E4EBBB-728A-476C-92F1-9D64117AED42}"
EndProject
Global
	GlobalSection(SolutionConfigurationPlatforms) = preSolution
		Debug|Any CPU = Debug|Any CPU
		Release|Any CPU = Release|Any CPU
	EndGlobalSection
	GlobalSection(ProjectConfigurationPlatforms) = postSolution
		{9A5D9FB5-CA6B-4633-8643-11E90C4370A1}.Debug|Any CPU.ActiveCfg = Debug|Any CPU
		{9A5D9FB5-CA6B-4633-8643-11E90C4370A1}.Debug|Any CPU.Build.0 = Debug|Any CPU
		{9A5D9FB5-CA6B-4633-8643-11E90C4370A1}.Release|Any CPU.ActiveCfg = Release|Any CPU
		{9A5D9FB5-CA6B-4633-8643-11E90C4370A1}.Release|Any CPU.Build.0 = Release|Any CPU
		{20E4EBBB-728A-476C-92F1-9D64117AED42}.Debug|Any CPU.ActiveCfg = Debug|Any CPU
		{20E4EBBB-728A-476C-92F1-9D64117AED42}.Debug|Any CPU.Build.0 = Debug|Any CPU
		{20E4EBBB-728A-476C-92F1-9D64117AED42}.Release|Any CPU.ActiveCfg = Release|Any CPU
		{20E4EBBB-728A-476C-92F1-9D64117AED42}.Release|Any CPU.Build.0 = Release|Any CPU
	EndGlobalSection
	GlobalSection(SolutionProperties) = preSolution
		HideSolutionNode = FALSE
	EndGlobalSection
	GlobalSection(NestedProjects) = preSolution
		{9A5D9FB5-CA6B-4633-8643-11E90C4370A1} = {C5DDDB07-AF17-4622-BA01-C9223C686D6D}
		{20E4EBBB-728A-476C-92F1-9D64117AED42} = {D5559E8E-3128-4ACC-AD9B-81EB06463044}
	EndGlobalSection
	GlobalSection(ExtensibilityGlobals) = postSolution
		SolutionGuid = {A6A8025C-90D2-431D-8CCC-BC484B520D67}
	EndGlobalSection
EndGlobal
